
Microsoft Visual Studio Solution File, Format Version 12.00
# Visual Studio 15
VisualStudioVersion = 15.0.26124.0
MinimumVisualStudioVersion = 15.0.26124.0
Project("{F2A71F9B-5D33-465A-A702-920D77279786}") = "App", "src\App.fsproj", "{5D125A99-84C6-4251-8212-67151330899A}"
EndProject
Project("{2150E333-8FDC-42A3-9474-1A3956D46DE8}") = "external", "external", "{411ED1FE-A237-4544-B290-A6E7884E80C8}"
EndProject
Project("{2150E333-8FDC-42A3-9474-1A3956D46DE8}") = "components-db", "components-db", "{407E802C-E6EA-4B74-8F6F-86BF29375501}"
EndProject
Project("{F2A71F9B-5D33-465A-A702-920D77279786}") = "components", "external\components-db\components\components.fsproj", "{FF57195C-47F4-4A0A-B33E-FF630E6DEC39}"
EndProject
Global
	GlobalSection(SolutionConfigurationPlatforms) = preSolution
		Debug|Any CPU = Debug|Any CPU
		Debug|x64 = Debug|x64
		Debug|x86 = Debug|x86
		Release|Any CPU = Release|Any CPU
		Release|x64 = Release|x64
		Release|x86 = Release|x86
	EndGlobalSection
	GlobalSection(SolutionProperties) = preSolution
		HideSolutionNode = FALSE
	EndGlobalSection
	GlobalSection(ProjectConfigurationPlatforms) = postSolution
		{5D125A99-84C6-4251-8212-67151330899A}.Debug|Any CPU.ActiveCfg = Debug|Any CPU
		{5D125A99-84C6-4251-8212-67151330899A}.Debug|Any CPU.Build.0 = Debug|Any CPU
		{5D125A99-84C6-4251-8212-67151330899A}.Debug|x64.ActiveCfg = Debug|Any CPU
		{5D125A99-84C6-4251-8212-67151330899A}.Debug|x64.Build.0 = Debug|Any CPU
		{5D125A99-84C6-4251-8212-67151330899A}.Debug|x86.ActiveCfg = Debug|Any CPU
		{5D125A99-84C6-4251-8212-67151330899A}.Debug|x86.Build.0 = Debug|Any CPU
		{5D125A99-84C6-4251-8212-67151330899A}.Release|Any CPU.ActiveCfg = Release|Any CPU
		{5D125A99-84C6-4251-8212-67151330899A}.Release|Any CPU.Build.0 = Release|Any CPU
		{5D125A99-84C6-4251-8212-67151330899A}.Release|x64.ActiveCfg = Release|Any CPU
		{5D125A99-84C6-4251-8212-67151330899A}.Release|x64.Build.0 = Release|Any CPU
		{5D125A99-84C6-4251-8212-67151330899A}.Release|x86.ActiveCfg = Release|Any CPU
		{5D125A99-84C6-4251-8212-67151330899A}.Release|x86.Build.0 = Release|Any CPU
		{FF57195C-47F4-4A0A-B33E-FF630E6DEC39}.Debug|Any CPU.ActiveCfg = Debug|Any CPU
		{FF57195C-47F4-4A0A-B33E-FF630E6DEC39}.Debug|Any CPU.Build.0 = Debug|Any CPU
		{FF57195C-47F4-4A0A-B33E-FF630E6DEC39}.Debug|x64.ActiveCfg = Debug|Any CPU
		{FF57195C-47F4-4A0A-B33E-FF630E6DEC39}.Debug|x64.Build.0 = Debug|Any CPU
		{FF57195C-47F4-4A0A-B33E-FF630E6DEC39}.Debug|x86.ActiveCfg = Debug|Any CPU
		{FF57195C-47F4-4A0A-B33E-FF630E6DEC39}.Debug|x86.Build.0 = Debug|Any CPU
		{FF57195C-47F4-4A0A-B33E-FF630E6DEC39}.Release|Any CPU.ActiveCfg = Release|Any CPU
		{FF57195C-47F4-4A0A-B33E-FF630E6DEC39}.Release|Any CPU.Build.0 = Release|Any CPU
		{FF57195C-47F4-4A0A-B33E-FF630E6DEC39}.Release|x64.ActiveCfg = Release|Any CPU
		{FF57195C-47F4-4A0A-B33E-FF630E6DEC39}.Release|x64.Build.0 = Release|Any CPU
		{FF57195C-47F4-4A0A-B33E-FF630E6DEC39}.Release|x86.ActiveCfg = Release|Any CPU
		{FF57195C-47F4-4A0A-B33E-FF630E6DEC39}.Release|x86.Build.0 = Release|Any CPU
	EndGlobalSection
	GlobalSection(NestedProjects) = preSolution
		{407E802C-E6EA-4B74-8F6F-86BF29375501} = {411ED1FE-A237-4544-B290-A6E7884E80C8}
		{FF57195C-47F4-4A0A-B33E-FF630E6DEC39} = {407E802C-E6EA-4B74-8F6F-86BF29375501}
	EndGlobalSection
EndGlobal
